
Microsoft Visual Studio Solution File, Format Version 12.00
# Visual Studio Version 17
VisualStudioVersion = 17.14.36109.1 d17.14
MinimumVisualStudioVersion = 10.0.40219.1
Project("{FAE04EC0-301F-11D3-BF4B-00C04F79EFBC}") = "Randevu1", "Randevu1\Randevu1.csproj", "{D772D9CA-D2D8-456C-94A6-84AF0326BD2C}"
EndProject
Global
	GlobalSection(SolutionConfigurationPlatforms) = preSolution
		Debug|Any CPU = Debug|Any CPU
		Release|Any CPU = Release|Any CPU
	EndGlobalSection
	GlobalSection(ProjectConfigurationPlatforms) = postSolution
		{D772D9CA-D2D8-456C-94A6-84AF0326BD2C}.Debug|Any CPU.ActiveCfg = Debug|Any CPU
		{D772D9CA-D2D8-456C-94A6-84AF0326BD2C}.Debug|Any CPU.Build.0 = Debug|Any CPU
		{D772D9CA-D2D8-456C-94A6-84AF0326BD2C}.Release|Any CPU.ActiveCfg = Release|Any CPU
		{D772D9CA-D2D8-456C-94A6-84AF0326BD2C}.Release|Any CPU.Build.0 = Release|Any CPU
	EndGlobalSection
	GlobalSection(SolutionProperties) = preSolution
		HideSolutionNode = FALSE
	EndGlobalSection
	GlobalSection(ExtensibilityGlobals) = postSolution
		SolutionGuid = {612FF094-5E2C-477A-9DDD-DDECD1DA425E}
	EndGlobalSection
EndGlobal
